
Microsoft Visual Studio Solution File, Format Version 12.00
# Visual Studio Version 17
VisualStudioVersion = 17.7.34202.233
MinimumVisualStudioVersion = 10.0.40219.1
Project("{FAE04EC0-301F-11D3-BF4B-00C04F79EFBC}") = "MyStringFunctions", "MyStringFunctions\MyStringFunctions.csproj", "{180B4E1D-CB4C-43B6-B3BA-56B8A486772A}"
EndProject
Global
	GlobalSection(SolutionConfigurationPlatforms) = preSolution
		Debug|Any CPU = Debug|Any CPU
		Release|Any CPU = Release|Any CPU
	EndGlobalSection
	GlobalSection(ProjectConfigurationPlatforms) = postSolution
		{180B4E1D-CB4C-43B6-B3BA-56B8A486772A}.Debug|Any CPU.ActiveCfg = Debug|Any CPU
		{180B4E1D-CB4C-43B6-B3BA-56B8A486772A}.Debug|Any CPU.Build.0 = Debug|Any CPU
		{180B4E1D-CB4C-43B6-B3BA-56B8A486772A}.Release|Any CPU.ActiveCfg = Release|Any CPU
		{180B4E1D-CB4C-43B6-B3BA-56B8A486772A}.Release|Any CPU.Build.0 = Release|Any CPU
	EndGlobalSection
	GlobalSection(SolutionProperties) = preSolution
		HideSolutionNode = FALSE
	EndGlobalSection
	GlobalSection(ExtensibilityGlobals) = postSolution
		SolutionGuid = {8CB5F9DA-974A-4EC4-8F0C-AFA8E86982EE}
	EndGlobalSection
EndGlobal
